{
  "version": 4,
  "terraform_version": "1.0.4",
  "serial": 11,
  "lineage": "5e1966c1-b5ca-88fa-d1f5-b5113b3459a2",
  "outputs": {},
  "resources": [
    {
      "mode": "managed",
      "type": "openstack_compute_instance_v2",
      "name": "instancia_tf",
      "provider": "provider[\"registry.terraform.io/terraform-provider-openstack/openstack\"]",
      "instances": [
        {
          "schema_version": 0,
          "attributes": {
            "access_ip_v4": "192.168.222.9",
            "access_ip_v6": "",
            "admin_pass": null,
            "all_metadata": {
              "this": "learning_project"
            },
            "all_tags": [],
            "availability_zone": "nova",
            "availability_zone_hints": null,
            "block_device": [],
            "config_drive": null,
            "flavor_id": "1",
            "flavor_name": "m1.tiny",
            "floating_ip": null,
            "force_delete": false,
            "id": "3fcaecd0-3eb5-45c7-9139-b041ee18043b",
            "image_id": "2ca73aac-5073-451a-afb4-f2e1320c3d72",
            "image_name": "cirros",
            "key_pair": "ubuntu",
            "metadata": {
              "this": "learning_project"
            },
            "name": "instancia_1",
            "network": [
              {
                "access_network": false,
                "fixed_ip_v4": "192.168.222.9",
                "fixed_ip_v6": "",
                "floating_ip": "",
                "mac": "fa:16:3e:70:fd:59",
                "name": "test",
                "port": "",
                "uuid": "bb40dd82-7d1a-45be-a162-b619784584a9"
              }
            ],
            "network_mode": null,
            "personality": [],
            "power_state": "active",
            "region": "microstack",
            "scheduler_hints": [],
            "security_groups": [
              "default"
            ],
            "stop_before_destroy": false,
            "tags": [],
            "timeouts": null,
            "user_data": null,
            "vendor_options": [],
            "volume": []
          },
          "sensitive_attributes": [],
          "private": "eyJlMmJmYjczMC1lY2FhLTExZTYtOGY4OC0zNDM2M2JjN2M0YzAiOnsiY3JlYXRlIjoxODAwMDAwMDAwMDAwLCJkZWxldGUiOjE4MDAwMDAwMDAwMDAsInVwZGF0ZSI6MTgwMDAwMDAwMDAwMH19"
        }
      ]
    },
    {
      "mode": "managed",
      "type": "openstack_networking_floatingip_v2",
      "name": "floatip_1",
      "provider": "provider[\"registry.terraform.io/terraform-provider-openstack/openstack\"]",
      "instances": [
        {
          "schema_version": 0,
          "attributes": {
            "address": "10.20.20.33",
            "all_tags": [],
            "description": "",
            "dns_domain": "",
            "dns_name": "",
            "fixed_ip": "192.168.222.9",
            "id": "7526657e-7191-4a87-9514-4303f925f551",
            "pool": "external",
            "port_id": "33de0e9c-2983-4ecf-b7a2-64b44a960a17",
            "region": "microstack",
            "subnet_id": null,
            "tags": [],
            "tenant_id": "2eae6d32cf8746d6aae74345221650f9",
            "timeouts": null,
            "value_specs": null
          },
          "sensitive_attributes": [],
          "private": "eyJlMmJmYjczMC1lY2FhLTExZTYtOGY4OC0zNDM2M2JjN2M0YzAiOnsiY3JlYXRlIjo2MDAwMDAwMDAwMDAsImRlbGV0ZSI6NjAwMDAwMDAwMDAwfX0="
        }
      ]
    },
    {
      "mode": "managed",
      "type": "openstack_networking_network_v2",
      "name": "red_hack",
      "provider": "provider[\"registry.terraform.io/terraform-provider-openstack/openstack\"]",
      "instances": [
        {
          "schema_version": 0,
          "attributes": {
            "admin_state_up": true,
            "all_tags": [],
            "availability_zone_hints": [],
            "description": "",
            "dns_domain": "",
            "external": false,
            "id": "19e55be9-dae0-4f45-b8e9-ef3de38fbb49",
            "mtu": 1442,
            "name": "red_hack_tf",
            "port_security_enabled": true,
            "qos_policy_id": "",
            "region": "microstack",
            "segments": [],
            "shared": false,
            "tags": [],
            "tenant_id": "2eae6d32cf8746d6aae74345221650f9",
            "timeouts": null,
            "transparent_vlan": false,
            "value_specs": null
          },
          "sensitive_attributes": [],
          "private": "eyJlMmJmYjczMC1lY2FhLTExZTYtOGY4OC0zNDM2M2JjN2M0YzAiOnsiY3JlYXRlIjo2MDAwMDAwMDAwMDAsImRlbGV0ZSI6NjAwMDAwMDAwMDAwfX0="
        }
      ]
    },
    {
      "mode": "managed",
      "type": "openstack_networking_subnet_v2",
      "name": "subred_test",
      "provider": "provider[\"registry.terraform.io/terraform-provider-openstack/openstack\"]",
      "instances": [
        {
          "schema_version": 0,
          "attributes": {
            "all_tags": [],
            "allocation_pool": [
              {
                "end": "172.16.1.254",
                "start": "172.16.1.2"
              }
            ],
            "allocation_pools": [
              {
                "end": "172.16.1.254",
                "start": "172.16.1.2"
              }
            ],
            "cidr": "172.16.1.0/24",
            "description": "",
            "dns_nameservers": null,
            "enable_dhcp": true,
            "gateway_ip": "172.16.1.1",
            "host_routes": [],
            "id": "0fafece3-d12d-40a5-9760-5a1cdfe57a9d",
            "ip_version": 4,
            "ipv6_address_mode": "",
            "ipv6_ra_mode": "",
            "name": "subred_hack_tf",
            "network_id": "19e55be9-dae0-4f45-b8e9-ef3de38fbb49",
            "no_gateway": false,
            "prefix_length": null,
            "region": "microstack",
            "subnetpool_id": "",
            "tags": null,
            "tenant_id": "2eae6d32cf8746d6aae74345221650f9",
            "timeouts": null,
            "value_specs": null
          },
          "sensitive_attributes": [],
          "private": "eyJlMmJmYjczMC1lY2FhLTExZTYtOGY4OC0zNDM2M2JjN2M0YzAiOnsiY3JlYXRlIjo2MDAwMDAwMDAwMDAsImRlbGV0ZSI6NjAwMDAwMDAwMDAwfX0=",
          "dependencies": [
            "openstack_networking_network_v2.red_hack"
          ]
        }
      ]
    }
  ]
}
